// !$*UTF8*$!
{
	archiveVersion = 1;
	classes = {
	};
	objectVersion = 50;
	objects = {

/* Begin PBXBuildFile section */
		3D652B5820F8DC1600DF9962 /* build in Resources */ = {isa = PBXBuildFile; fileRef = 3D652B5720F8DC1500DF9962 /* build */; };
		3DD4A08820F8C6240086EB36 /* AppDelegate.m in Sources */ = {isa = PBXBuildFile; fileRef = 3DD4A08720F8C6240086EB36 /* AppDelegate.m */; };
		3DD4A08B20F8C6240086EB36 /* ViewController.m in Sources */ = {isa = PBXBuildFile; fileRef = 3DD4A08A20F8C6240086EB36 /* ViewController.m */; };
		3DD4A09020F8C6260086EB36 /* Assets.xcassets in Resources */ = {isa = PBXBuildFile; fileRef = 3DD4A08F20F8C6260086EB36 /* Assets.xcassets */; };
		3DD4A09320F8C6260086EB36 /* LaunchScreen.storyboard in Resources */ = {isa = PBXBuildFile; fileRef = 3DD4A09120F8C6260086EB36 /* LaunchScreen.storyboard */; };
		3DD4A09620F8C6260086EB36 /* main.m in Sources */ = {isa = PBXBuildFile; fileRef = 3DD4A09520F8C6260086EB36 /* main.m */; };
		3DD4A0A020F8C6260086EB36 /* tutanotaTests.m in Sources */ = {isa = PBXBuildFile; fileRef = 3DD4A09F20F8C6260086EB36 /* tutanotaTests.m */; };
/* End PBXBuildFile section */

/* Begin PBXContainerItemProxy section */
		3DD4A09C20F8C6260086EB36 /* PBXContainerItemProxy */ = {
			isa = PBXContainerItemProxy;
			containerPortal = 3DD4A07B20F8C6240086EB36 /* Project object */;
			proxyType = 1;
			remoteGlobalIDString = 3DD4A08220F8C6240086EB36;
			remoteInfo = tutanota;
		};
/* End PBXContainerItemProxy section */

/* Begin PBXFileReference section */
		3D652B5720F8DC1500DF9962 /* build */ = {isa = PBXFileReference; lastKnownFileType = folder; name = build; path = ../../build; sourceTree = "<group>"; };
		3DD4A08320F8C6240086EB36 /* tutanota.app */ = {isa = PBXFileReference; explicitFileType = wrapper.application; includeInIndex = 0; path = tutanota.app; sourceTree = BUILT_PRODUCTS_DIR; };
		3DD4A08620F8C6240086EB36 /* AppDelegate.h */ = {isa = PBXFileReference; lastKnownFileType = sourcecode.c.h; path = AppDelegate.h; sourceTree = "<group>"; };
		3DD4A08720F8C6240086EB36 /* AppDelegate.m */ = {isa = PBXFileReference; lastKnownFileType = sourcecode.c.objc; path = AppDelegate.m; sourceTree = "<group>"; };
		3DD4A08920F8C6240086EB36 /* ViewController.h */ = {isa = PBXFileReference; lastKnownFileType = sourcecode.c.h; path = ViewController.h; sourceTree = "<group>"; };
		3DD4A08A20F8C6240086EB36 /* ViewController.m */ = {isa = PBXFileReference; lastKnownFileType = sourcecode.c.objc; path = ViewController.m; sourceTree = "<group>"; };
		3DD4A08F20F8C6260086EB36 /* Assets.xcassets */ = {isa = PBXFileReference; lastKnownFileType = folder.assetcatalog; path = Assets.xcassets; sourceTree = "<group>"; };
		3DD4A09220F8C6260086EB36 /* Base */ = {isa = PBXFileReference; lastKnownFileType = file.storyboard; name = Base; path = Base.lproj/LaunchScreen.storyboard; sourceTree = "<group>"; };
		3DD4A09420F8C6260086EB36 /* Info.plist */ = {isa = PBXFileReference; lastKnownFileType = text.plist.xml; path = Info.plist; sourceTree = "<group>"; };
		3DD4A09520F8C6260086EB36 /* main.m */ = {isa = PBXFileReference; lastKnownFileType = sourcecode.c.objc; path = main.m; sourceTree = "<group>"; };
		3DD4A09B20F8C6260086EB36 /* tutanotaTests.xctest */ = {isa = PBXFileReference; explicitFileType = wrapper.cfbundle; includeInIndex = 0; path = tutanotaTests.xctest; sourceTree = BUILT_PRODUCTS_DIR; };
		3DD4A09F20F8C6260086EB36 /* tutanotaTests.m */ = {isa = PBXFileReference; lastKnownFileType = sourcecode.c.objc; path = tutanotaTests.m; sourceTree = "<group>"; };
		3DD4A0A120F8C6260086EB36 /* Info.plist */ = {isa = PBXFileReference; lastKnownFileType = text.plist.xml; path = Info.plist; sourceTree = "<group>"; };
/* End PBXFileReference section */

/* Begin PBXFrameworksBuildPhase section */
		3DD4A08020F8C6240086EB36 /* Frameworks */ = {
			isa = PBXFrameworksBuildPhase;
			buildActionMask = 2147483647;
			files = (
			);
			runOnlyForDeploymentPostprocessing = 0;
		};
		3DD4A09820F8C6260086EB36 /* Frameworks */ = {
			isa = PBXFrameworksBuildPhase;
			buildActionMask = 2147483647;
			files = (
			);
			runOnlyForDeploymentPostprocessing = 0;
		};
/* End PBXFrameworksBuildPhase section */

/* Begin PBXGroup section */
		3DD4A07A20F8C6240086EB36 = {
			isa = PBXGroup;
			children = (
				3DD4A08520F8C6240086EB36 /* tutanota */,
				3DD4A09E20F8C6260086EB36 /* tutanotaTests */,
				3DD4A08420F8C6240086EB36 /* Products */,
			);
			sourceTree = "<group>";
		};
		3DD4A08420F8C6240086EB36 /* Products */ = {
			isa = PBXGroup;
			children = (
				3DD4A08320F8C6240086EB36 /* tutanota.app */,
				3DD4A09B20F8C6260086EB36 /* tutanotaTests.xctest */,
			);
			name = Products;
			sourceTree = "<group>";
		};
		3DD4A08520F8C6240086EB36 /* tutanota */ = {
			isa = PBXGroup;
			children = (
				3D652B5720F8DC1500DF9962 /* build */,
				3DD4A08620F8C6240086EB36 /* AppDelegate.h */,
				3DD4A08720F8C6240086EB36 /* AppDelegate.m */,
				3DD4A08920F8C6240086EB36 /* ViewController.h */,
				3DD4A08A20F8C6240086EB36 /* ViewController.m */,
				3DD4A08F20F8C6260086EB36 /* Assets.xcassets */,
				3DD4A09120F8C6260086EB36 /* LaunchScreen.storyboard */,
				3DD4A09420F8C6260086EB36 /* Info.plist */,
				3DD4A09520F8C6260086EB36 /* main.m */,
			);
			path = tutanota;
			sourceTree = "<group>";
		};
		3DD4A09E20F8C6260086EB36 /* tutanotaTests */ = {
			isa = PBXGroup;
			children = (
				3DD4A09F20F8C6260086EB36 /* tutanotaTests.m */,
				3DD4A0A120F8C6260086EB36 /* Info.plist */,
			);
			path = tutanotaTests;
			sourceTree = "<group>";
		};
/* End PBXGroup section */

/* Begin PBXNativeTarget section */
		3DD4A08220F8C6240086EB36 /* tutanota */ = {
			isa = PBXNativeTarget;
			buildConfigurationList = 3DD4A0A420F8C6260086EB36 /* Build configuration list for PBXNativeTarget "tutanota" */;
			buildPhases = (
				3DD4A07F20F8C6240086EB36 /* Sources */,
				3DD4A08020F8C6240086EB36 /* Frameworks */,
				3DD4A08120F8C6240086EB36 /* Resources */,
			);
			buildRules = (
			);
			dependencies = (
			);
			name = tutanota;
			productName = tutanota;
			productReference = 3DD4A08320F8C6240086EB36 /* tutanota.app */;
			productType = "com.apple.product-type.application";
		};
		3DD4A09A20F8C6260086EB36 /* tutanotaTests */ = {
			isa = PBXNativeTarget;
			buildConfigurationList = 3DD4A0A720F8C6260086EB36 /* Build configuration list for PBXNativeTarget "tutanotaTests" */;
			buildPhases = (
				3DD4A09720F8C6260086EB36 /* Sources */,
				3DD4A09820F8C6260086EB36 /* Frameworks */,
				3DD4A09920F8C6260086EB36 /* Resources */,
			);
			buildRules = (
			);
			dependencies = (
				3DD4A09D20F8C6260086EB36 /* PBXTargetDependency */,
			);
			name = tutanotaTests;
			productName = tutanotaTests;
			productReference = 3DD4A09B20F8C6260086EB36 /* tutanotaTests.xctest */;
			productType = "com.apple.product-type.bundle.unit-test";
		};
/* End PBXNativeTarget section */

/* Begin PBXProject section */
		3DD4A07B20F8C6240086EB36 /* Project object */ = {
			isa = PBXProject;
			attributes = {
				LastUpgradeCheck = 0940;
				ORGANIZATIONNAME = "Tutao GmbH";
				TargetAttributes = {
					3DD4A08220F8C6240086EB36 = {
						CreatedOnToolsVersion = 9.4.1;
					};
					3DD4A09A20F8C6260086EB36 = {
						CreatedOnToolsVersion = 9.4.1;
						TestTargetID = 3DD4A08220F8C6240086EB36;
					};
				};
			};
			buildConfigurationList = 3DD4A07E20F8C6240086EB36 /* Build configuration list for PBXProject "tutanota" */;
			compatibilityVersion = "Xcode 9.3";
			developmentRegion = en;
			hasScannedForEncodings = 0;
			knownRegions = (
				en,
				Base,
			);
			mainGroup = 3DD4A07A20F8C6240086EB36;
			productRefGroup = 3DD4A08420F8C6240086EB36 /* Products */;
			projectDirPath = "";
			projectRoot = "";
			targets = (
				3DD4A08220F8C6240086EB36 /* tutanota */,
				3DD4A09A20F8C6260086EB36 /* tutanotaTests */,
			);
		};
/* End PBXProject section */

/* Begin PBXResourcesBuildPhase section */
		3DD4A08120F8C6240086EB36 /* Resources */ = {
			isa = PBXResourcesBuildPhase;
			buildActionMask = 2147483647;
			files = (
				3D652B5820F8DC1600DF9962 /* build in Resources */,
				3DD4A09320F8C6260086EB36 /* LaunchScreen.storyboard in Resources */,
				3DD4A09020F8C6260086EB36 /* Assets.xcassets in Resources */,
			);
			runOnlyForDeploymentPostprocessing = 0;
		};
		3DD4A09920F8C6260086EB36 /* Resources */ = {
			isa = PBXResourcesBuildPhase;
			buildActionMask = 2147483647;
			files = (
			);
			runOnlyForDeploymentPostprocessing = 0;
		};
/* End PBXResourcesBuildPhase section */

/* Begin PBXSourcesBuildPhase section */
		3DD4A07F20F8C6240086EB36 /* Sources */ = {
			isa = PBXSourcesBuildPhase;
			buildActionMask = 2147483647;
			files = (
				3DD4A08B20F8C6240086EB36 /* ViewController.m in Sources */,
				3DD4A09620F8C6260086EB36 /* main.m in Sources */,
				3DD4A08820F8C6240086EB36 /* AppDelegate.m in Sources */,
			);
			runOnlyForDeploymentPostprocessing = 0;
		};
		3DD4A09720F8C6260086EB36 /* Sources */ = {
			isa = PBXSourcesBuildPhase;
			buildActionMask = 2147483647;
			files = (
				3DD4A0A020F8C6260086EB36 /* tutanotaTests.m in Sources */,
			);
			runOnlyForDeploymentPostprocessing = 0;
		};
/* End PBXSourcesBuildPhase section */

/* Begin PBXTargetDependency section */
		3DD4A09D20F8C6260086EB36 /* PBXTargetDependency */ = {
			isa = PBXTargetDependency;
			target = 3DD4A08220F8C6240086EB36 /* tutanota */;
			targetProxy = 3DD4A09C20F8C6260086EB36 /* PBXContainerItemProxy */;
		};
/* End PBXTargetDependency section */

/* Begin PBXVariantGroup section */
		3DD4A09120F8C6260086EB36 /* LaunchScreen.storyboard */ = {
			isa = PBXVariantGroup;
			children = (
				3DD4A09220F8C6260086EB36 /* Base */,
			);
			name = LaunchScreen.storyboard;
			sourceTree = "<group>";
		};
/* End PBXVariantGroup section */

/* Begin XCBuildConfiguration section */
		3DD4A0A220F8C6260086EB36 /* Debug */ = {
			isa = XCBuildConfiguration;
			buildSettings = {
				ALWAYS_SEARCH_USER_PATHS = NO;
				CLANG_ANALYZER_NONNULL = YES;
				CLANG_ANALYZER_NUMBER_OBJECT_CONVERSION = YES_AGGRESSIVE;
				CLANG_CXX_LANGUAGE_STANDARD = "gnu++14";
				CLANG_CXX_LIBRARY = "libc++";
				CLANG_ENABLE_MODULES = YES;
				CLANG_ENABLE_OBJC_ARC = YES;
				CLANG_ENABLE_OBJC_WEAK = YES;
				CLANG_WARN_BLOCK_CAPTURE_AUTORELEASING = YES;
				CLANG_WARN_BOOL_CONVERSION = YES;
				CLANG_WARN_COMMA = YES;
				CLANG_WARN_CONSTANT_CONVERSION = YES;
				CLANG_WARN_DEPRECATED_OBJC_IMPLEMENTATIONS = YES;
				CLANG_WARN_DIRECT_OBJC_ISA_USAGE = YES_ERROR;
				CLANG_WARN_DOCUMENTATION_COMMENTS = YES;
				CLANG_WARN_EMPTY_BODY = YES;
				CLANG_WARN_ENUM_CONVERSION = YES;
				CLANG_WARN_INFINITE_RECURSION = YES;
				CLANG_WARN_INT_CONVERSION = YES;
				CLANG_WARN_NON_LITERAL_NULL_CONVERSION = YES;
				CLANG_WARN_OBJC_IMPLICIT_RETAIN_SELF = YES;
				CLANG_WARN_OBJC_LITERAL_CONVERSION = YES;
				CLANG_WARN_OBJC_ROOT_CLASS = YES_ERROR;
				CLANG_WARN_RANGE_LOOP_ANALYSIS = YES;
				CLANG_WARN_STRICT_PROTOTYPES = YES;
				CLANG_WARN_SUSPICIOUS_MOVE = YES;
				CLANG_WARN_UNGUARDED_AVAILABILITY = YES_AGGRESSIVE;
				CLANG_WARN_UNREACHABLE_CODE = YES;
				CLANG_WARN__DUPLICATE_METHOD_MATCH = YES;
				CODE_SIGN_IDENTITY = "iPhone Developer";
				COPY_PHASE_STRIP = NO;
				DEBUG_INFORMATION_FORMAT = dwarf;
				ENABLE_STRICT_OBJC_MSGSEND = YES;
				ENABLE_TESTABILITY = YES;
				GCC_C_LANGUAGE_STANDARD = gnu11;
				GCC_DYNAMIC_NO_PIC = NO;
				GCC_NO_COMMON_BLOCKS = YES;
				GCC_OPTIMIZATION_LEVEL = 0;
				GCC_PREPROCESSOR_DEFINITIONS = (
					"DEBUG=1",
					"$(inherited)",
				);
				GCC_WARN_64_TO_32_BIT_CONVERSION = YES;
				GCC_WARN_ABOUT_RETURN_TYPE = YES_ERROR;
				GCC_WARN_UNDECLARED_SELECTOR = YES;
				GCC_WARN_UNINITIALIZED_AUTOS = YES_AGGRESSIVE;
				GCC_WARN_UNUSED_FUNCTION = YES;
				GCC_WARN_UNUSED_VARIABLE = YES;
				IPHONEOS_DEPLOYMENT_TARGET = 11.4;
				MTL_ENABLE_DEBUG_INFO = YES;
				ONLY_ACTIVE_ARCH = YES;
				SDKROOT = iphoneos;
			};
			name = Debug;
		};
		3DD4A0A320F8C6260086EB36 /* Release */ = {
			isa = XCBuildConfiguration;
			buildSettings = {
				ALWAYS_SEARCH_USER_PATHS = NO;
				CLANG_ANALYZER_NONNULL = YES;
				CLANG_ANALYZER_NUMBER_OBJECT_CONVERSION = YES_AGGRESSIVE;
				CLANG_CXX_LANGUAGE_STANDARD = "gnu++14";
				CLANG_CXX_LIBRARY = "libc++";
				CLANG_ENABLE_MODULES = YES;
				CLANG_ENABLE_OBJC_ARC = YES;
				CLANG_ENABLE_OBJC_WEAK = YES;
				CLANG_WARN_BLOCK_CAPTURE_AUTORELEASING = YES;
				CLANG_WARN_BOOL_CONVERSION = YES;
				CLANG_WARN_COMMA = YES;
				CLANG_WARN_CONSTANT_CONVERSION = YES;
				CLANG_WARN_DEPRECATED_OBJC_IMPLEMENTATIONS = YES;
				CLANG_WARN_DIRECT_OBJC_ISA_USAGE = YES_ERROR;
				CLANG_WARN_DOCUMENTATION_COMMENTS = YES;
				CLANG_WARN_EMPTY_BODY = YES;
				CLANG_WARN_ENUM_CONVERSION = YES;
				CLANG_WARN_INFINITE_RECURSION = YES;
				CLANG_WARN_INT_CONVERSION = YES;
				CLANG_WARN_NON_LITERAL_NULL_CONVERSION = YES;
				CLANG_WARN_OBJC_IMPLICIT_RETAIN_SELF = YES;
				CLANG_WARN_OBJC_LITERAL_CONVERSION = YES;
				CLANG_WARN_OBJC_ROOT_CLASS = YES_ERROR;
				CLANG_WARN_RANGE_LOOP_ANALYSIS = YES;
				CLANG_WARN_STRICT_PROTOTYPES = YES;
				CLANG_WARN_SUSPICIOUS_MOVE = YES;
				CLANG_WARN_UNGUARDED_AVAILABILITY = YES_AGGRESSIVE;
				CLANG_WARN_UNREACHABLE_CODE = YES;
				CLANG_WARN__DUPLICATE_METHOD_MATCH = YES;
				CODE_SIGN_IDENTITY = "iPhone Developer";
				COPY_PHASE_STRIP = NO;
				DEBUG_INFORMATION_FORMAT = "dwarf-with-dsym";
				ENABLE_NS_ASSERTIONS = NO;
				ENABLE_STRICT_OBJC_MSGSEND = YES;
				GCC_C_LANGUAGE_STANDARD = gnu11;
				GCC_NO_COMMON_BLOCKS = YES;
				GCC_WARN_64_TO_32_BIT_CONVERSION = YES;
				GCC_WARN_ABOUT_RETURN_TYPE = YES_ERROR;
				GCC_WARN_UNDECLARED_SELECTOR = YES;
				GCC_WARN_UNINITIALIZED_AUTOS = YES_AGGRESSIVE;
				GCC_WARN_UNUSED_FUNCTION = YES;
				GCC_WARN_UNUSED_VARIABLE = YES;
				IPHONEOS_DEPLOYMENT_TARGET = 11.4;
				MTL_ENABLE_DEBUG_INFO = NO;
				SDKROOT = iphoneos;
				VALIDATE_PRODUCT = YES;
			};
			name = Release;
		};
		3DD4A0A520F8C6260086EB36 /* Debug */ = {
			isa = XCBuildConfiguration;
			buildSettings = {
				ASSETCATALOG_COMPILER_APPICON_NAME = AppIcon;
				CODE_SIGN_STYLE = Automatic;
				DEVELOPMENT_TEAM = JKCH89Z3M9;
				INFOPLIST_FILE = tutanota/Info.plist;
				LD_RUNPATH_SEARCH_PATHS = (
					"$(inherited)",
					"@executable_path/Frameworks",
				);
				PRODUCT_BUNDLE_IDENTIFIER = de.tutao.tutanota;
				PRODUCT_NAME = "$(TARGET_NAME)";
				TARGETED_DEVICE_FAMILY = "1,2";
			};
			name = Debug;
		};
		3DD4A0A620F8C6260086EB36 /* Release */ = {
			isa = XCBuildConfiguration;
			buildSettings = {
				ASSETCATALOG_COMPILER_APPICON_NAME = AppIcon;
				CODE_SIGN_STYLE = Automatic;
				DEVELOPMENT_TEAM = JKCH89Z3M9;
				INFOPLIST_FILE = tutanota/Info.plist;
				LD_RUNPATH_SEARCH_PATHS = (
					"$(inherited)",
					"@executable_path/Frameworks",
				);
				PRODUCT_BUNDLE_IDENTIFIER = de.tutao.tutanota;
				PRODUCT_NAME = "$(TARGET_NAME)";
				TARGETED_DEVICE_FAMILY = "1,2";
			};
			name = Release;
		};
		3DD4A0A820F8C6260086EB36 /* Debug */ = {
			isa = XCBuildConfiguration;
			buildSettings = {
				BUNDLE_LOADER = "$(TEST_HOST)";
				CODE_SIGN_STYLE = Automatic;
				DEVELOPMENT_TEAM = JKCH89Z3M9;
				INFOPLIST_FILE = tutanotaTests/Info.plist;
				LD_RUNPATH_SEARCH_PATHS = (
					"$(inherited)",
					"@executable_path/Frameworks",
					"@loader_path/Frameworks",
				);
				PRODUCT_BUNDLE_IDENTIFIER = de.tutao.tutanotaTests;
				PRODUCT_NAME = "$(TARGET_NAME)";
				TARGETED_DEVICE_FAMILY = "1,2";
				TEST_HOST = "$(BUILT_PRODUCTS_DIR)/tutanota.app/tutanota";
			};
			name = Debug;
		};
		3DD4A0A920F8C6260086EB36 /* Release */ = {
			isa = XCBuildConfiguration;
			buildSettings = {
				BUNDLE_LOADER = "$(TEST_HOST)";
				CODE_SIGN_STYLE = Automatic;
				DEVELOPMENT_TEAM = JKCH89Z3M9;
				INFOPLIST_FILE = tutanotaTests/Info.plist;
				LD_RUNPATH_SEARCH_PATHS = (
					"$(inherited)",
					"@executable_path/Frameworks",
					"@loader_path/Frameworks",
				);
				PRODUCT_BUNDLE_IDENTIFIER = de.tutao.tutanotaTests;
				PRODUCT_NAME = "$(TARGET_NAME)";
				TARGETED_DEVICE_FAMILY = "1,2";
				TEST_HOST = "$(BUILT_PRODUCTS_DIR)/tutanota.app/tutanota";
			};
			name = Release;
		};
/* End XCBuildConfiguration section */

/* Begin XCConfigurationList section */
		3DD4A07E20F8C6240086EB36 /* Build configuration list for PBXProject "tutanota" */ = {
			isa = XCConfigurationList;
			buildConfigurations = (
				3DD4A0A220F8C6260086EB36 /* Debug */,
				3DD4A0A320F8C6260086EB36 /* Release */,
			);
			defaultConfigurationIsVisible = 0;
			defaultConfigurationName = Release;
		};
		3DD4A0A420F8C6260086EB36 /* Build configuration list for PBXNativeTarget "tutanota" */ = {
			isa = XCConfigurationList;
			buildConfigurations = (
				3DD4A0A520F8C6260086EB36 /* Debug */,
				3DD4A0A620F8C6260086EB36 /* Release */,
			);
			defaultConfigurationIsVisible = 0;
			defaultConfigurationName = Release;
		};
		3DD4A0A720F8C6260086EB36 /* Build configuration list for PBXNativeTarget "tutanotaTests" */ = {
			isa = XCConfigurationList;
			buildConfigurations = (
				3DD4A0A820F8C6260086EB36 /* Debug */,
				3DD4A0A920F8C6260086EB36 /* Release */,
			);
			defaultConfigurationIsVisible = 0;
			defaultConfigurationName = Release;
		};
/* End XCConfigurationList section */
	};
	rootObject = 3DD4A07B20F8C6240086EB36 /* Project object */;
}
