// !$*UTF8*$!
{
	archiveVersion = 1;
	classes = {
	};
	objectVersion = 46;
	objects = {

/* Begin PBXBuildFile section */
		3DBA4ED11DB7B9A800F09C72 /* main.m in Sources */ = {isa = PBXBuildFile; fileRef = 3DBA4ED01DB7B9A800F09C72 /* main.m */; };
		3DBA4EED1DB8F1AE00F09C72 /* RsaFacade.m in Sources */ = {isa = PBXBuildFile; fileRef = 3DBA4EEC1DB8F1AE00F09C72 /* RsaFacade.m */; };
		3DCA01CB1DC3ABD1008EA863 /* TutaoAes128Facade.m in Sources */ = {isa = PBXBuildFile; fileRef = 3DCA01C81DC3ABD1008EA863 /* TutaoAes128Facade.m */; };
		3DCA01CC1DC3ABD1008EA863 /* TutaoEncodingConverter.m in Sources */ = {isa = PBXBuildFile; fileRef = 3DCA01C91DC3ABD1008EA863 /* TutaoEncodingConverter.m */; };
		3DCA01CD1DC3ABD1008EA863 /* TutaoErrorFactory.m in Sources */ = {isa = PBXBuildFile; fileRef = 3DCA01CA1DC3ABD1008EA863 /* TutaoErrorFactory.m */; };
		3DCA01D11DC3ACC2008EA863 /* TutaoAes128Facade.m in Sources */ = {isa = PBXBuildFile; fileRef = 3DCA01C81DC3ABD1008EA863 /* TutaoAes128Facade.m */; };
		3DCA01D21DC3ACC2008EA863 /* TutaoEncodingConverter.m in Sources */ = {isa = PBXBuildFile; fileRef = 3DCA01C91DC3ABD1008EA863 /* TutaoEncodingConverter.m */; };
		3DCA01D31DC3ACC2008EA863 /* TutaoErrorFactory.m in Sources */ = {isa = PBXBuildFile; fileRef = 3DCA01CA1DC3ABD1008EA863 /* TutaoErrorFactory.m */; };
		3DDCE19E1DBA1B780095CDC1 /* CompatibilityTest.m in Sources */ = {isa = PBXBuildFile; fileRef = 3DDCE19D1DBA1B780095CDC1 /* CompatibilityTest.m */; };
		3DDCE1A41DBA1BE70095CDC1 /* CompatibilityTestData.json in Resources */ = {isa = PBXBuildFile; fileRef = 3DDCE1A31DBA1BE70095CDC1 /* CompatibilityTestData.json */; };
		3DDCE1A61DBA1C190095CDC1 /* RsaFacade.m in Sources */ = {isa = PBXBuildFile; fileRef = 3DBA4EEC1DB8F1AE00F09C72 /* RsaFacade.m */; };
		3DDCE1A91DBA1C620095CDC1 /* XCTest.framework in Frameworks */ = {isa = PBXBuildFile; fileRef = 3DDCE1A81DBA1C620095CDC1 /* XCTest.framework */; };
		3DDCE1AE1DBE334B0095CDC1 /* StreamTest.m in Sources */ = {isa = PBXBuildFile; fileRef = 3DDCE1AD1DBE334B0095CDC1 /* StreamTest.m */; };
/* End PBXBuildFile section */

/* Begin PBXCopyFilesBuildPhase section */
		3DBA4ECB1DB7B9A800F09C72 /* CopyFiles */ = {
			isa = PBXCopyFilesBuildPhase;
			buildActionMask = 2147483647;
			dstPath = /usr/share/man/man1/;
			dstSubfolderSpec = 0;
			files = (
			);
			runOnlyForDeploymentPostprocessing = 1;
		};
/* End PBXCopyFilesBuildPhase section */

/* Begin PBXFileReference section */
		3DBA4ECD1DB7B9A800F09C72 /* CryptoIos */ = {isa = PBXFileReference; explicitFileType = "compiled.mach-o.executable"; includeInIndex = 0; path = CryptoIos; sourceTree = BUILT_PRODUCTS_DIR; };
		3DBA4ED01DB7B9A800F09C72 /* main.m */ = {isa = PBXFileReference; lastKnownFileType = sourcecode.c.objc; path = main.m; sourceTree = "<group>"; };
		3DBA4EEC1DB8F1AE00F09C72 /* RsaFacade.m */ = {isa = PBXFileReference; fileEncoding = 4; lastKnownFileType = sourcecode.c.objc; name = RsaFacade.m; path = ../src/ios/RsaFacade.m; sourceTree = "<group>"; };
		3DBA4EF21DB8FDDF00F09C72 /* libcommonCrypto.tbd */ = {isa = PBXFileReference; lastKnownFileType = "sourcecode.text-based-dylib-definition"; name = libcommonCrypto.tbd; path = usr/lib/system/libcommonCrypto.tbd; sourceTree = SDKROOT; };
		3DBA4EF61DB905EC00F09C72 /* RsaFacade.h */ = {isa = PBXFileReference; fileEncoding = 4; lastKnownFileType = sourcecode.c.h; name = RsaFacade.h; path = ../include/ios/RsaFacade.h; sourceTree = "<group>"; };
		3DCA01C81DC3ABD1008EA863 /* TutaoAes128Facade.m */ = {isa = PBXFileReference; fileEncoding = 4; lastKnownFileType = sourcecode.c.objc; name = TutaoAes128Facade.m; path = ../src/ios/TutaoAes128Facade.m; sourceTree = "<group>"; };
		3DCA01C91DC3ABD1008EA863 /* TutaoEncodingConverter.m */ = {isa = PBXFileReference; fileEncoding = 4; lastKnownFileType = sourcecode.c.objc; name = TutaoEncodingConverter.m; path = ../src/ios/TutaoEncodingConverter.m; sourceTree = "<group>"; };
		3DCA01CA1DC3ABD1008EA863 /* TutaoErrorFactory.m */ = {isa = PBXFileReference; fileEncoding = 4; lastKnownFileType = sourcecode.c.objc; name = TutaoErrorFactory.m; path = ../src/ios/TutaoErrorFactory.m; sourceTree = "<group>"; };
		3DCA01CE1DC3ABEC008EA863 /* TutaoAes128Facade.h */ = {isa = PBXFileReference; fileEncoding = 4; lastKnownFileType = sourcecode.c.h; name = TutaoAes128Facade.h; path = ../include/ios/TutaoAes128Facade.h; sourceTree = "<group>"; };
		3DCA01CF1DC3ABED008EA863 /* TutaoEncodingConverter.h */ = {isa = PBXFileReference; fileEncoding = 4; lastKnownFileType = sourcecode.c.h; name = TutaoEncodingConverter.h; path = ../include/ios/TutaoEncodingConverter.h; sourceTree = "<group>"; };
		3DCA01D01DC3ABED008EA863 /* TutaoErrorFactory.h */ = {isa = PBXFileReference; fileEncoding = 4; lastKnownFileType = sourcecode.c.h; name = TutaoErrorFactory.h; path = ../include/ios/TutaoErrorFactory.h; sourceTree = "<group>"; };
		3DDCE19B1DBA1B780095CDC1 /* CompatibilityTest.xctest */ = {isa = PBXFileReference; explicitFileType = wrapper.cfbundle; includeInIndex = 0; path = CompatibilityTest.xctest; sourceTree = BUILT_PRODUCTS_DIR; };
		3DDCE19D1DBA1B780095CDC1 /* CompatibilityTest.m */ = {isa = PBXFileReference; lastKnownFileType = sourcecode.c.objc; path = CompatibilityTest.m; sourceTree = "<group>"; };
		3DDCE19F1DBA1B780095CDC1 /* Info.plist */ = {isa = PBXFileReference; lastKnownFileType = text.plist.xml; path = Info.plist; sourceTree = "<group>"; };
		3DDCE1A31DBA1BE70095CDC1 /* CompatibilityTestData.json */ = {isa = PBXFileReference; fileEncoding = 4; lastKnownFileType = text.json; path = CompatibilityTestData.json; sourceTree = "<group>"; };
		3DDCE1A81DBA1C620095CDC1 /* XCTest.framework */ = {isa = PBXFileReference; lastKnownFileType = wrapper.framework; name = XCTest.framework; path = Platforms/MacOSX.platform/Developer/Library/Frameworks/XCTest.framework; sourceTree = DEVELOPER_DIR; };
		3DDCE1AD1DBE334B0095CDC1 /* StreamTest.m */ = {isa = PBXFileReference; fileEncoding = 4; lastKnownFileType = sourcecode.c.objc; path = StreamTest.m; sourceTree = "<group>"; };
/* End PBXFileReference section */

/* Begin PBXFrameworksBuildPhase section */
		3DBA4ECA1DB7B9A800F09C72 /* Frameworks */ = {
			isa = PBXFrameworksBuildPhase;
			buildActionMask = 2147483647;
			files = (
			);
			runOnlyForDeploymentPostprocessing = 0;
		};
		3DDCE1981DBA1B780095CDC1 /* Frameworks */ = {
			isa = PBXFrameworksBuildPhase;
			buildActionMask = 2147483647;
			files = (
				3DDCE1A91DBA1C620095CDC1 /* XCTest.framework in Frameworks */,
			);
			runOnlyForDeploymentPostprocessing = 0;
		};
/* End PBXFrameworksBuildPhase section */

/* Begin PBXGroup section */
		3DBA4EC41DB7B9A800F09C72 = {
			isa = PBXGroup;
			children = (
				3DBA4EE51DB7BA5C00F09C72 /* native */,
				3DBA4ECF1DB7B9A800F09C72 /* CryptoIos */,
				3DDCE19C1DBA1B780095CDC1 /* CompatibilityTest */,
				3DBA4ECE1DB7B9A800F09C72 /* Products */,
				3DBA4EF11DB8FDDF00F09C72 /* Frameworks */,
			);
			sourceTree = "<group>";
		};
		3DBA4ECE1DB7B9A800F09C72 /* Products */ = {
			isa = PBXGroup;
			children = (
				3DBA4ECD1DB7B9A800F09C72 /* CryptoIos */,
				3DDCE19B1DBA1B780095CDC1 /* CompatibilityTest.xctest */,
			);
			name = Products;
			sourceTree = "<group>";
		};
		3DBA4ECF1DB7B9A800F09C72 /* CryptoIos */ = {
			isa = PBXGroup;
			children = (
				3DBA4ED01DB7B9A800F09C72 /* main.m */,
			);
			path = CryptoIos;
			sourceTree = "<group>";
		};
		3DBA4EE51DB7BA5C00F09C72 /* native */ = {
			isa = PBXGroup;
			children = (
				3DCA01CE1DC3ABEC008EA863 /* TutaoAes128Facade.h */,
				3DCA01CF1DC3ABED008EA863 /* TutaoEncodingConverter.h */,
				3DCA01D01DC3ABED008EA863 /* TutaoErrorFactory.h */,
				3DCA01C81DC3ABD1008EA863 /* TutaoAes128Facade.m */,
				3DCA01C91DC3ABD1008EA863 /* TutaoEncodingConverter.m */,
				3DCA01CA1DC3ABD1008EA863 /* TutaoErrorFactory.m */,
				3DBA4EF61DB905EC00F09C72 /* RsaFacade.h */,
				3DBA4EEC1DB8F1AE00F09C72 /* RsaFacade.m */,
			);
			name = native;
			sourceTree = "<group>";
		};
		3DBA4EF11DB8FDDF00F09C72 /* Frameworks */ = {
			isa = PBXGroup;
			children = (
				3DDCE1A81DBA1C620095CDC1 /* XCTest.framework */,
				3DBA4EF21DB8FDDF00F09C72 /* libcommonCrypto.tbd */,
			);
			name = Frameworks;
			sourceTree = "<group>";
		};
		3DDCE19C1DBA1B780095CDC1 /* CompatibilityTest */ = {
			isa = PBXGroup;
			children = (
				3DDCE1AD1DBE334B0095CDC1 /* StreamTest.m */,
				3DDCE1A31DBA1BE70095CDC1 /* CompatibilityTestData.json */,
				3DDCE19D1DBA1B780095CDC1 /* CompatibilityTest.m */,
				3DDCE19F1DBA1B780095CDC1 /* Info.plist */,
			);
			path = CompatibilityTest;
			sourceTree = "<group>";
		};
/* End PBXGroup section */

/* Begin PBXNativeTarget section */
		3DBA4ECC1DB7B9A800F09C72 /* CryptoIos */ = {
			isa = PBXNativeTarget;
			buildConfigurationList = 3DBA4ED41DB7B9A800F09C72 /* Build configuration list for PBXNativeTarget "CryptoIos" */;
			buildPhases = (
				3DBA4EC91DB7B9A800F09C72 /* Sources */,
				3DBA4ECA1DB7B9A800F09C72 /* Frameworks */,
				3DBA4ECB1DB7B9A800F09C72 /* CopyFiles */,
			);
			buildRules = (
			);
			dependencies = (
			);
			name = CryptoIos;
			productName = CryptoIos;
			productReference = 3DBA4ECD1DB7B9A800F09C72 /* CryptoIos */;
			productType = "com.apple.product-type.tool";
		};
		3DDCE19A1DBA1B780095CDC1 /* CompatibilityTest */ = {
			isa = PBXNativeTarget;
			buildConfigurationList = 3DDCE1A01DBA1B780095CDC1 /* Build configuration list for PBXNativeTarget "CompatibilityTest" */;
			buildPhases = (
				3DDCE1971DBA1B780095CDC1 /* Sources */,
				3DDCE1981DBA1B780095CDC1 /* Frameworks */,
				3DDCE1991DBA1B780095CDC1 /* Resources */,
			);
			buildRules = (
			);
			dependencies = (
			);
			name = CompatibilityTest;
			productName = CompatibilityTest;
			productReference = 3DDCE19B1DBA1B780095CDC1 /* CompatibilityTest.xctest */;
			productType = "com.apple.product-type.bundle.unit-test";
		};
/* End PBXNativeTarget section */

/* Begin PBXProject section */
		3DBA4EC51DB7B9A800F09C72 /* Project object */ = {
			isa = PBXProject;
			attributes = {
				KnownAssetTags = (
					New,
				);
				LastUpgradeCheck = 0800;
				ORGANIZATIONNAME = "Tutao GmbH";
				TargetAttributes = {
					3DBA4ECC1DB7B9A800F09C72 = {
						CreatedOnToolsVersion = 8.0;
						DevelopmentTeam = JKCH89Z3M9;
						ProvisioningStyle = Automatic;
					};
					3DDCE19A1DBA1B780095CDC1 = {
						CreatedOnToolsVersion = 8.0;
						DevelopmentTeam = JKCH89Z3M9;
						ProvisioningStyle = Automatic;
					};
				};
			};
			buildConfigurationList = 3DBA4EC81DB7B9A800F09C72 /* Build configuration list for PBXProject "CryptoIos" */;
			compatibilityVersion = "Xcode 3.2";
			developmentRegion = English;
			hasScannedForEncodings = 0;
			knownRegions = (
				en,
			);
			mainGroup = 3DBA4EC41DB7B9A800F09C72;
			productRefGroup = 3DBA4ECE1DB7B9A800F09C72 /* Products */;
			projectDirPath = "";
			projectRoot = "";
			targets = (
				3DBA4ECC1DB7B9A800F09C72 /* CryptoIos */,
				3DDCE19A1DBA1B780095CDC1 /* CompatibilityTest */,
			);
		};
/* End PBXProject section */

/* Begin PBXResourcesBuildPhase section */
		3DDCE1991DBA1B780095CDC1 /* Resources */ = {
			isa = PBXResourcesBuildPhase;
			buildActionMask = 2147483647;
			files = (
				3DDCE1A41DBA1BE70095CDC1 /* CompatibilityTestData.json in Resources */,
			);
			runOnlyForDeploymentPostprocessing = 0;
		};
/* End PBXResourcesBuildPhase section */

/* Begin PBXSourcesBuildPhase section */
		3DBA4EC91DB7B9A800F09C72 /* Sources */ = {
			isa = PBXSourcesBuildPhase;
			buildActionMask = 2147483647;
			files = (
				3DBA4ED11DB7B9A800F09C72 /* main.m in Sources */,
				3DCA01CD1DC3ABD1008EA863 /* TutaoErrorFactory.m in Sources */,
				3DBA4EED1DB8F1AE00F09C72 /* RsaFacade.m in Sources */,
				3DCA01CB1DC3ABD1008EA863 /* TutaoAes128Facade.m in Sources */,
				3DCA01CC1DC3ABD1008EA863 /* TutaoEncodingConverter.m in Sources */,
			);
			runOnlyForDeploymentPostprocessing = 0;
		};
		3DDCE1971DBA1B780095CDC1 /* Sources */ = {
			isa = PBXSourcesBuildPhase;
			buildActionMask = 2147483647;
			files = (
				3DCA01D11DC3ACC2008EA863 /* TutaoAes128Facade.m in Sources */,
				3DCA01D21DC3ACC2008EA863 /* TutaoEncodingConverter.m in Sources */,
				3DCA01D31DC3ACC2008EA863 /* TutaoErrorFactory.m in Sources */,
				3DDCE1AE1DBE334B0095CDC1 /* StreamTest.m in Sources */,
				3DDCE1A61DBA1C190095CDC1 /* RsaFacade.m in Sources */,
				3DDCE19E1DBA1B780095CDC1 /* CompatibilityTest.m in Sources */,
			);
			runOnlyForDeploymentPostprocessing = 0;
		};
/* End PBXSourcesBuildPhase section */

/* Begin XCBuildConfiguration section */
		3DBA4ED21DB7B9A800F09C72 /* Debug */ = {
			isa = XCBuildConfiguration;
			buildSettings = {
				ALWAYS_SEARCH_USER_PATHS = NO;
				CLANG_ANALYZER_NONNULL = YES;
				CLANG_CXX_LANGUAGE_STANDARD = "gnu++0x";
				CLANG_CXX_LIBRARY = "libc++";
				CLANG_ENABLE_MODULES = YES;
				CLANG_ENABLE_OBJC_ARC = YES;
				CLANG_WARN_BOOL_CONVERSION = YES;
				CLANG_WARN_CONSTANT_CONVERSION = YES;
				CLANG_WARN_DIRECT_OBJC_ISA_USAGE = YES_ERROR;
				CLANG_WARN_DOCUMENTATION_COMMENTS = YES;
				CLANG_WARN_EMPTY_BODY = YES;
				CLANG_WARN_ENUM_CONVERSION = YES;
				CLANG_WARN_INFINITE_RECURSION = YES;
				CLANG_WARN_INT_CONVERSION = YES;
				CLANG_WARN_OBJC_ROOT_CLASS = YES_ERROR;
				CLANG_WARN_SUSPICIOUS_MOVES = YES;
				CLANG_WARN_UNREACHABLE_CODE = YES;
				CLANG_WARN__DUPLICATE_METHOD_MATCH = YES;
				CODE_SIGN_IDENTITY = "-";
				COPY_PHASE_STRIP = NO;
				DEBUG_INFORMATION_FORMAT = dwarf;
				ENABLE_STRICT_OBJC_MSGSEND = YES;
				ENABLE_TESTABILITY = YES;
				GCC_C_LANGUAGE_STANDARD = gnu99;
				GCC_DYNAMIC_NO_PIC = NO;
				GCC_NO_COMMON_BLOCKS = YES;
				GCC_OPTIMIZATION_LEVEL = 0;
				GCC_PREPROCESSOR_DEFINITIONS = (
					"DEBUG=1",
					"$(inherited)",
				);
				GCC_WARN_64_TO_32_BIT_CONVERSION = YES;
				GCC_WARN_ABOUT_RETURN_TYPE = YES_ERROR;
				GCC_WARN_UNDECLARED_SELECTOR = YES;
				GCC_WARN_UNINITIALIZED_AUTOS = YES_AGGRESSIVE;
				GCC_WARN_UNUSED_FUNCTION = YES;
				GCC_WARN_UNUSED_VARIABLE = YES;
				MACOSX_DEPLOYMENT_TARGET = 10.12;
				MTL_ENABLE_DEBUG_INFO = YES;
				ONLY_ACTIVE_ARCH = YES;
				SDKROOT = macosx;
			};
			name = Debug;
		};
		3DBA4ED31DB7B9A800F09C72 /* Release */ = {
			isa = XCBuildConfiguration;
			buildSettings = {
				ALWAYS_SEARCH_USER_PATHS = NO;
				CLANG_ANALYZER_NONNULL = YES;
				CLANG_CXX_LANGUAGE_STANDARD = "gnu++0x";
				CLANG_CXX_LIBRARY = "libc++";
				CLANG_ENABLE_MODULES = YES;
				CLANG_ENABLE_OBJC_ARC = YES;
				CLANG_WARN_BOOL_CONVERSION = YES;
				CLANG_WARN_CONSTANT_CONVERSION = YES;
				CLANG_WARN_DIRECT_OBJC_ISA_USAGE = YES_ERROR;
				CLANG_WARN_DOCUMENTATION_COMMENTS = YES;
				CLANG_WARN_EMPTY_BODY = YES;
				CLANG_WARN_ENUM_CONVERSION = YES;
				CLANG_WARN_INFINITE_RECURSION = YES;
				CLANG_WARN_INT_CONVERSION = YES;
				CLANG_WARN_OBJC_ROOT_CLASS = YES_ERROR;
				CLANG_WARN_SUSPICIOUS_MOVES = YES;
				CLANG_WARN_UNREACHABLE_CODE = YES;
				CLANG_WARN__DUPLICATE_METHOD_MATCH = YES;
				CODE_SIGN_IDENTITY = "-";
				COPY_PHASE_STRIP = NO;
				DEBUG_INFORMATION_FORMAT = "dwarf-with-dsym";
				ENABLE_NS_ASSERTIONS = NO;
				ENABLE_STRICT_OBJC_MSGSEND = YES;
				GCC_C_LANGUAGE_STANDARD = gnu99;
				GCC_NO_COMMON_BLOCKS = YES;
				GCC_WARN_64_TO_32_BIT_CONVERSION = YES;
				GCC_WARN_ABOUT_RETURN_TYPE = YES_ERROR;
				GCC_WARN_UNDECLARED_SELECTOR = YES;
				GCC_WARN_UNINITIALIZED_AUTOS = YES_AGGRESSIVE;
				GCC_WARN_UNUSED_FUNCTION = YES;
				GCC_WARN_UNUSED_VARIABLE = YES;
				MACOSX_DEPLOYMENT_TARGET = 10.12;
				MTL_ENABLE_DEBUG_INFO = NO;
				SDKROOT = macosx;
			};
			name = Release;
		};
		3DBA4ED51DB7B9A800F09C72 /* Debug */ = {
			isa = XCBuildConfiguration;
			buildSettings = {
				DEVELOPMENT_TEAM = JKCH89Z3M9;
				LIBRARY_SEARCH_PATHS = (
					"$(inherited)",
					"$(SDKROOT)/usr/lib/system",
				);
				PRODUCT_NAME = "$(TARGET_NAME)";
			};
			name = Debug;
		};
		3DBA4ED61DB7B9A800F09C72 /* Release */ = {
			isa = XCBuildConfiguration;
			buildSettings = {
				DEVELOPMENT_TEAM = JKCH89Z3M9;
				LIBRARY_SEARCH_PATHS = (
					"$(inherited)",
					"$(SDKROOT)/usr/lib/system",
				);
				PRODUCT_NAME = "$(TARGET_NAME)";
			};
			name = Release;
		};
		3DDCE1A11DBA1B780095CDC1 /* Debug */ = {
			isa = XCBuildConfiguration;
			buildSettings = {
				COMBINE_HIDPI_IMAGES = YES;
				DEVELOPMENT_TEAM = JKCH89Z3M9;
				INFOPLIST_FILE = CompatibilityTest/Info.plist;
				LD_RUNPATH_SEARCH_PATHS = "$(inherited) @executable_path/../Frameworks @loader_path/../Frameworks";
				PRODUCT_BUNDLE_IDENTIFIER = tutao.CompatibilityTest;
				PRODUCT_NAME = "$(TARGET_NAME)";
			};
			name = Debug;
		};
		3DDCE1A21DBA1B780095CDC1 /* Release */ = {
			isa = XCBuildConfiguration;
			buildSettings = {
				COMBINE_HIDPI_IMAGES = YES;
				DEVELOPMENT_TEAM = JKCH89Z3M9;
				INFOPLIST_FILE = CompatibilityTest/Info.plist;
				LD_RUNPATH_SEARCH_PATHS = "$(inherited) @executable_path/../Frameworks @loader_path/../Frameworks";
				PRODUCT_BUNDLE_IDENTIFIER = tutao.CompatibilityTest;
				PRODUCT_NAME = "$(TARGET_NAME)";
			};
			name = Release;
		};
/* End XCBuildConfiguration section */

/* Begin XCConfigurationList section */
		3DBA4EC81DB7B9A800F09C72 /* Build configuration list for PBXProject "CryptoIos" */ = {
			isa = XCConfigurationList;
			buildConfigurations = (
				3DBA4ED21DB7B9A800F09C72 /* Debug */,
				3DBA4ED31DB7B9A800F09C72 /* Release */,
			);
			defaultConfigurationIsVisible = 0;
			defaultConfigurationName = Release;
		};
		3DBA4ED41DB7B9A800F09C72 /* Build configuration list for PBXNativeTarget "CryptoIos" */ = {
			isa = XCConfigurationList;
			buildConfigurations = (
				3DBA4ED51DB7B9A800F09C72 /* Debug */,
				3DBA4ED61DB7B9A800F09C72 /* Release */,
			);
			defaultConfigurationIsVisible = 0;
			defaultConfigurationName = Release;
		};
		3DDCE1A01DBA1B780095CDC1 /* Build configuration list for PBXNativeTarget "CompatibilityTest" */ = {
			isa = XCConfigurationList;
			buildConfigurations = (
				3DDCE1A11DBA1B780095CDC1 /* Debug */,
				3DDCE1A21DBA1B780095CDC1 /* Release */,
			);
			defaultConfigurationIsVisible = 0;
			defaultConfigurationName = Release;
		};
/* End XCConfigurationList section */
	};
	rootObject = 3DBA4EC51DB7B9A800F09C72 /* Project object */;
}
