{
  "object": {
    "pins": [
      {
        "package": "DictionaryCoding",
        "repositoryURL": "https://github.com/elegantchaos/DictionaryCoding.git",
        "state": {
          "branch": null,
          "revision": "ae19e456bd550fed8f341e5bae4318333c53a5b4",
          "version": "1.0.9"
        }
      }
    ]
  },
  "version": 1
}
